<?xml version="1.0" encoding="utf-8"?>
<Project ToolsVersion="4.0" xmlns="http://schemas.microsoft.com/developer/msbuild/2003">
  <ItemGroup>
    <ClCompile Include="sample00.cpp" />
    <ClCompile Include="..\coroutines\coroutines.cpp">
      <Filter>coroutines</Filter>
    </ClCompile>
    <ClCompile Include="..\coroutines\timeline.cpp">
      <Filter>coroutines</Filter>
    </ClCompile>
    <ClCompile Include="..\coroutines\channel.cpp">
      <Filter>coroutines</Filter>
    </ClCompile>
    <ClCompile Include="..\coroutines\net\anet.c">
      <Filter>coroutines\net</Filter>
    </ClCompile>
    <ClCompile Include="..\coroutines\net\ae.c">
      <Filter>coroutines\net</Filter>
    </ClCompile>
    <ClCompile Include="..\coroutines\net\net_platform.cpp">
      <Filter>coroutines\net</Filter>
    </ClCompile>
    <ClCompile Include="..\coroutines\net\tcp_socket.cpp">
      <Filter>coroutines\net</Filter>
    </ClCompile>
  </ItemGroup>
  <ItemGroup>
    <Filter Include="coroutines">
      <UniqueIdentifier>{a6fd2645-e4d2-4756-b36f-2cece587e87e}</UniqueIdentifier>
    </Filter>
    <Filter Include="coroutines\fcontext">
      <UniqueIdentifier>{76e12dc7-38e3-48a4-885b-5301552b36e0}</UniqueIdentifier>
    </Filter>
    <Filter Include="coroutines\net">
      <UniqueIdentifier>{2650c86b-e6ee-4958-b93f-264656cd09a7}</UniqueIdentifier>
    </Filter>
  </ItemGroup>
  <ItemGroup>
    <None Include="..\README" />
  </ItemGroup>
  <ItemGroup>
    <ClInclude Include="..\coroutines\coroutines.h">
      <Filter>coroutines</Filter>
    </ClInclude>
    <ClInclude Include="..\coroutines\fcontext\fcontext.h">
      <Filter>coroutines\fcontext</Filter>
    </ClInclude>
    <ClInclude Include="..\coroutines\wait.h">
      <Filter>coroutines</Filter>
    </ClInclude>
    <ClInclude Include="..\coroutines\list.h">
      <Filter>coroutines</Filter>
    </ClInclude>
    <ClInclude Include="..\coroutines\timeline.h">
      <Filter>coroutines</Filter>
    </ClInclude>
    <ClInclude Include="..\coroutines\channel.h">
      <Filter>coroutines</Filter>
    </ClInclude>
    <ClInclude Include="..\coroutines\net\anet.h">
      <Filter>coroutines\net</Filter>
    </ClInclude>
    <ClInclude Include="..\coroutines\net\ae.h">
      <Filter>coroutines\net</Filter>
    </ClInclude>
    <ClInclude Include="..\coroutines\net\net.h">
      <Filter>coroutines\net</Filter>
    </ClInclude>
    <ClInclude Include="..\coroutines\net\address.h">
      <Filter>coroutines\net</Filter>
    </ClInclude>
    <ClInclude Include="..\coroutines\net\net_platform.h">
      <Filter>coroutines\net</Filter>
    </ClInclude>
    <ClInclude Include="..\coroutines\net\net_sys_defines.h">
      <Filter>coroutines\net</Filter>
    </ClInclude>
    <ClInclude Include="..\coroutines\net\tcp_socket.h">
      <Filter>coroutines\net</Filter>
    </ClInclude>
    <ClInclude Include="..\coroutines\io_events.h">
      <Filter>coroutines</Filter>
    </ClInclude>
  </ItemGroup>
</Project>